{
  "name": "readme-generator",
  "version": "0.0.0",
  "lockfileVersion": 3,
  "requires": true,
  "packages": {
    "": {
      "name": "readme-generator",
      "version": "0.0.0",
      "license": "MIT",
      "dependencies": {
        "event-emitter": "github:e53e04ac/event-emitter",
        "file-entry-native": "github:e53e04ac/file-entry-native",
        "hold": "github:e53e04ac/hold"
      },
      "devDependencies": {
        "@types/node": "^18.11.19",
        "file-entry": "github:e53e04ac/file-entry"
      },
      "engines": {
        "node": ">=18.14.0",
        "npm": ">=9.3.1"
      }
    },
    "node_modules/@types/node": {
      "version": "18.14.4",
      "resolved": "https://registry.npmjs.org/@types/node/-/node-18.14.4.tgz",
      "integrity": "sha512-VhCw7I7qO2X49+jaKcAUwi3rR+hbxT5VcYF493+Z5kMLI0DL568b7JI4IDJaxWFH0D/xwmGJNoXisyX+w7GH/g==",
      "dev": true
    },
    "node_modules/base": {
      "version": "0.0.0",
      "resolved": "git+ssh://git@github.com/e53e04ac/base.git#54bba636cc8cea36d25c3f8141082c53def71584",
      "license": "MIT",
      "dependencies": {
        "hold": "github:e53e04ac/hold"
      },
      "engines": {
        "node": ">=18.14.0",
        "npm": ">=9.3.1"
      }
    },
    "node_modules/event-emitter": {
      "version": "0.0.0",
      "resolved": "git+ssh://git@github.com/e53e04ac/event-emitter.git#9ac7c25f35b38e0c7d2823ed147a773578ee9a58",
      "license": "MIT",
      "dependencies": {
        "base": "github:e53e04ac/base",
        "hold": "github:e53e04ac/hold"
      },
      "engines": {
        "node": ">=18.14.0",
        "npm": ">=9.3.1"
      }
    },
    "node_modules/file-entry": {
      "version": "0.0.0",
      "resolved": "git+ssh://git@github.com/e53e04ac/file-entry.git#604b8be6e60c2a0116ba5bc26939a17584bbcd14",
      "dev": true,
      "license": "MIT",
      "dependencies": {
        "base": "github:e53e04ac/base",
        "hold": "github:e53e04ac/hold"
      },
      "engines": {
        "node": ">=18.14.0",
        "npm": ">=9.3.1"
      }
    },
    "node_modules/file-entry-native": {
      "version": "0.0.0",
      "resolved": "git+ssh://git@github.com/e53e04ac/file-entry-native.git#8f5e4a1782a5773008a0b5adca827dfe0cd623e0",
      "license": "MIT",
      "dependencies": {
        "base": "github:e53e04ac/base",
        "hold": "github:e53e04ac/hold"
      },
      "engines": {
        "node": ">=18.14.0",
        "npm": ">=9.3.1"
      }
    },
    "node_modules/hold": {
      "version": "0.0.0",
      "resolved": "git+ssh://git@github.com/e53e04ac/hold.git#418996396af94d436211958d5e6cc4acb5aa089d",
      "license": "MIT",
      "engines": {
        "node": ">=18.14.0",
        "npm": ">=9.3.1"
      }
    }
  }
}
