{
  "name": "readme-generator",
  "version": "0.0.0",
  "lockfileVersion": 3,
  "requires": true,
  "packages": {
    "": {
      "name": "readme-generator",
      "version": "0.0.0",
      "license": "MIT",
      "dependencies": {
        "event-emitter": "github:e53e04ac/event-emitter",
        "file-entry-native": "github:e53e04ac/file-entry-native",
        "hold": "github:e53e04ac/hold"
      },
      "devDependencies": {
        "@types/node": "^18.11.19",
        "file-entry": "github:e53e04ac/file-entry"
      },
      "engines": {
        "node": ">=18.14.0",
        "npm": ">=9.3.1"
      }
    },
    "node_modules/@types/node": {
      "version": "18.14.0",
      "resolved": "https://registry.npmjs.org/@types/node/-/node-18.14.0.tgz",
      "integrity": "sha512-5EWrvLmglK+imbCJY0+INViFWUHg1AHel1sq4ZVSfdcNqGy9Edv3UB9IIzzg+xPaUcAgZYcfVs2fBcwDeZzU0A==",
      "dev": true
    },
    "node_modules/base": {
      "version": "0.0.0",
      "resolved": "git+ssh://git@github.com/e53e04ac/base.git#421cea548a7a50b26a6ada01d1d17b9a013b847c",
      "license": "MIT",
      "dependencies": {
        "hold": "github:e53e04ac/hold"
      },
      "engines": {
        "node": ">=18.14.0",
        "npm": ">=9.3.1"
      }
    },
    "node_modules/event-emitter": {
      "version": "0.0.0",
      "resolved": "git+ssh://git@github.com/e53e04ac/event-emitter.git#19614365368936f6974a633d25a1109a3465a99d",
      "license": "MIT",
      "dependencies": {
        "base": "github:e53e04ac/base",
        "hold": "github:e53e04ac/hold"
      },
      "engines": {
        "node": ">=18.14.0",
        "npm": ">=9.3.1"
      }
    },
    "node_modules/file-entry": {
      "version": "0.0.0",
      "resolved": "git+ssh://git@github.com/e53e04ac/file-entry.git#19444d5321ee7ab4d8885be24d501a55ddf04259",
      "dev": true,
      "license": "MIT",
      "dependencies": {
        "base": "github:e53e04ac/base",
        "hold": "github:e53e04ac/hold"
      },
      "engines": {
        "node": ">=18.14.0",
        "npm": ">=9.3.1"
      }
    },
    "node_modules/file-entry-native": {
      "version": "0.0.0",
      "resolved": "git+ssh://git@github.com/e53e04ac/file-entry-native.git#1d122ef6ef3be5ce088e1d7651ac0b81c04be512",
      "license": "MIT",
      "dependencies": {
        "base": "github:e53e04ac/base",
        "hold": "github:e53e04ac/hold"
      },
      "engines": {
        "node": ">=18.14.0",
        "npm": ">=9.3.1"
      }
    },
    "node_modules/hold": {
      "version": "0.0.0",
      "resolved": "git+ssh://git@github.com/e53e04ac/hold.git#3191dd4704f3e5f90d6c27f288ede7700f5fdb66",
      "license": "MIT",
      "engines": {
        "node": ">=18.14.0",
        "npm": ">=9.3.1"
      }
    }
  }
}
